
Microsoft Visual Studio Solution File, Format Version 12.00
# Visual Studio 15
VisualStudioVersion = 15.0.27004.2008
MinimumVisualStudioVersion = 10.0.40219.1
Project("{2150E333-8FDC-42A3-9474-1A3956D46DE8}") = "src", "src", "{605603CB-3848-475B-9C5D-085C5098365D}"
EndProject
Project("{2150E333-8FDC-42A3-9474-1A3956D46DE8}") = "Solution Items", "Solution Items", "{AE4FAC55-8F2E-4A0C-9E0D-669E87C46777}"
EndProject
Project("{2150E333-8FDC-42A3-9474-1A3956D46DE8}") = "1.Models", "1.Models", "{A20F647E-E2D0-478A-9F2D-A9AA47DE92EB}"
EndProject
Project("{2150E333-8FDC-42A3-9474-1A3956D46DE8}") = "2.Dal", "2.Dal", "{BE7132EF-C4F9-4A1F-9549-7D9550217E21}"
EndProject
Project("{2150E333-8FDC-42A3-9474-1A3956D46DE8}") = "3.Bll", "3.Bll", "{B69A2EBE-BDB7-4688-8805-3503374AD993}"
EndProject
Project("{2150E333-8FDC-42A3-9474-1A3956D46DE8}") = "4.Web", "4.Web", "{6E1B8102-D7E3-4EA9-B22F-3E34F3B79B0A}"
EndProject
Project("{9A19103F-16F7-4668-BE54-9A1E7A4F7556}") = "WebApiTest", "src\WebApiTest\WebApiTest.csproj", "{307371D3-AAC8-4DF9-A3B5-DE92C5EBA6BA}"
EndProject
Project("{9A19103F-16F7-4668-BE54-9A1E7A4F7556}") = "WebApiTest.Models", "WebApiTest.Models\WebApiTest.Models.csproj", "{A1B6218A-A86E-4BD0-83A8-E782C0B8BEA7}"
EndProject
Project("{9A19103F-16F7-4668-BE54-9A1E7A4F7556}") = "WebApiTest.IDal", "WebApiTest.IDal\WebApiTest.IDal.csproj", "{E9382504-DEA4-4EB8-809F-F03FD0E5F576}"
EndProject
Project("{9A19103F-16F7-4668-BE54-9A1E7A4F7556}") = "WebApiTest.IBll", "WebApiTest.IBll\WebApiTest.IBll.csproj", "{68940297-3E7E-44D7-BDB4-C64858CBF277}"
EndProject
Project("{9A19103F-16F7-4668-BE54-9A1E7A4F7556}") = "WebApiTest.Bll", "WebApiTest.Bll\WebApiTest.Bll.csproj", "{71C53621-5786-4295-AB14-8B2C6CE1489D}"
EndProject
Project("{9A19103F-16F7-4668-BE54-9A1E7A4F7556}") = "WebApiTest.Dal", "WebApiTest.Dal\WebApiTest.Dal.csproj", "{F5C69D70-5859-4F80-95E6-C91289727CC6}"
EndProject
Global
	GlobalSection(SolutionConfigurationPlatforms) = preSolution
		Debug|Any CPU = Debug|Any CPU
		Release|Any CPU = Release|Any CPU
	EndGlobalSection
	GlobalSection(ProjectConfigurationPlatforms) = postSolution
		{307371D3-AAC8-4DF9-A3B5-DE92C5EBA6BA}.Debug|Any CPU.ActiveCfg = Debug|Any CPU
		{307371D3-AAC8-4DF9-A3B5-DE92C5EBA6BA}.Debug|Any CPU.Build.0 = Debug|Any CPU
		{307371D3-AAC8-4DF9-A3B5-DE92C5EBA6BA}.Release|Any CPU.ActiveCfg = Release|Any CPU
		{307371D3-AAC8-4DF9-A3B5-DE92C5EBA6BA}.Release|Any CPU.Build.0 = Release|Any CPU
		{A1B6218A-A86E-4BD0-83A8-E782C0B8BEA7}.Debug|Any CPU.ActiveCfg = Debug|Any CPU
		{A1B6218A-A86E-4BD0-83A8-E782C0B8BEA7}.Debug|Any CPU.Build.0 = Debug|Any CPU
		{A1B6218A-A86E-4BD0-83A8-E782C0B8BEA7}.Release|Any CPU.ActiveCfg = Release|Any CPU
		{A1B6218A-A86E-4BD0-83A8-E782C0B8BEA7}.Release|Any CPU.Build.0 = Release|Any CPU
		{E9382504-DEA4-4EB8-809F-F03FD0E5F576}.Debug|Any CPU.ActiveCfg = Debug|Any CPU
		{E9382504-DEA4-4EB8-809F-F03FD0E5F576}.Debug|Any CPU.Build.0 = Debug|Any CPU
		{E9382504-DEA4-4EB8-809F-F03FD0E5F576}.Release|Any CPU.ActiveCfg = Release|Any CPU
		{E9382504-DEA4-4EB8-809F-F03FD0E5F576}.Release|Any CPU.Build.0 = Release|Any CPU
		{68940297-3E7E-44D7-BDB4-C64858CBF277}.Debug|Any CPU.ActiveCfg = Debug|Any CPU
		{68940297-3E7E-44D7-BDB4-C64858CBF277}.Debug|Any CPU.Build.0 = Debug|Any CPU
		{68940297-3E7E-44D7-BDB4-C64858CBF277}.Release|Any CPU.ActiveCfg = Release|Any CPU
		{68940297-3E7E-44D7-BDB4-C64858CBF277}.Release|Any CPU.Build.0 = Release|Any CPU
		{71C53621-5786-4295-AB14-8B2C6CE1489D}.Debug|Any CPU.ActiveCfg = Debug|Any CPU
		{71C53621-5786-4295-AB14-8B2C6CE1489D}.Debug|Any CPU.Build.0 = Debug|Any CPU
		{71C53621-5786-4295-AB14-8B2C6CE1489D}.Release|Any CPU.ActiveCfg = Release|Any CPU
		{71C53621-5786-4295-AB14-8B2C6CE1489D}.Release|Any CPU.Build.0 = Release|Any CPU
		{F5C69D70-5859-4F80-95E6-C91289727CC6}.Debug|Any CPU.ActiveCfg = Debug|Any CPU
		{F5C69D70-5859-4F80-95E6-C91289727CC6}.Debug|Any CPU.Build.0 = Debug|Any CPU
		{F5C69D70-5859-4F80-95E6-C91289727CC6}.Release|Any CPU.ActiveCfg = Release|Any CPU
		{F5C69D70-5859-4F80-95E6-C91289727CC6}.Release|Any CPU.Build.0 = Release|Any CPU
	EndGlobalSection
	GlobalSection(SolutionProperties) = preSolution
		HideSolutionNode = FALSE
	EndGlobalSection
	GlobalSection(NestedProjects) = preSolution
		{A20F647E-E2D0-478A-9F2D-A9AA47DE92EB} = {605603CB-3848-475B-9C5D-085C5098365D}
		{BE7132EF-C4F9-4A1F-9549-7D9550217E21} = {605603CB-3848-475B-9C5D-085C5098365D}
		{B69A2EBE-BDB7-4688-8805-3503374AD993} = {605603CB-3848-475B-9C5D-085C5098365D}
		{6E1B8102-D7E3-4EA9-B22F-3E34F3B79B0A} = {605603CB-3848-475B-9C5D-085C5098365D}
		{307371D3-AAC8-4DF9-A3B5-DE92C5EBA6BA} = {6E1B8102-D7E3-4EA9-B22F-3E34F3B79B0A}
		{A1B6218A-A86E-4BD0-83A8-E782C0B8BEA7} = {A20F647E-E2D0-478A-9F2D-A9AA47DE92EB}
		{E9382504-DEA4-4EB8-809F-F03FD0E5F576} = {BE7132EF-C4F9-4A1F-9549-7D9550217E21}
		{68940297-3E7E-44D7-BDB4-C64858CBF277} = {B69A2EBE-BDB7-4688-8805-3503374AD993}
		{71C53621-5786-4295-AB14-8B2C6CE1489D} = {B69A2EBE-BDB7-4688-8805-3503374AD993}
		{F5C69D70-5859-4F80-95E6-C91289727CC6} = {BE7132EF-C4F9-4A1F-9549-7D9550217E21}
	EndGlobalSection
	GlobalSection(ExtensibilityGlobals) = postSolution
		SolutionGuid = {5FBB4A40-E62E-4814-B577-7B0045EFAA9C}
	EndGlobalSection
EndGlobal
